{
  "name": "docker-express-gateway",
  "version": "1.0.0",
  "lockfileVersion": 1,
  "requires": true,
  "dependencies": {
    "async-lock": {
      "version": "1.1.3",
      "resolved": "https://registry.npmjs.org/async-lock/-/async-lock-1.1.3.tgz",
      "integrity": "sha512-nxlfFLGfCJ1r7p9zhR5OuL6jYkDd9P7FqSitfLji+C1NdyhCz4+rWW3kiPiyPASHhN7VlsKEvRWWbnME9lYngw=="
    },
    "babel-runtime": {
      "version": "6.26.0",
      "resolved": "https://registry.npmjs.org/babel-runtime/-/babel-runtime-6.26.0.tgz",
      "integrity": "sha1-llxwWGaOgrVde/4E/yM3vItWR/4=",
      "requires": {
        "core-js": "^2.4.0",
        "regenerator-runtime": "^0.11.0"
      }
    },
    "base64-js": {
      "version": "1.3.0",
      "resolved": "https://registry.npmjs.org/base64-js/-/base64-js-1.3.0.tgz",
      "integrity": "sha512-ccav/yGvoa80BQDljCxsmmQ3Xvx60/UpBIij5QN21W3wBi/hhIC9OoO+KLpu9IJTS9j4DRVJ3aDDF9cMSoa2lw=="
    },
    "benchmark": {
      "version": "1.0.0",
      "resolved": "https://registry.npmjs.org/benchmark/-/benchmark-1.0.0.tgz",
      "integrity": "sha1-Lx4vpMNZ8REiqhgwgiGOlX45DHM="
    },
    "bops": {
      "version": "0.0.7",
      "resolved": "https://registry.npmjs.org/bops/-/bops-0.0.7.tgz",
      "integrity": "sha1-tKClqDmkBkVK8P4FqLkaenZqVOI=",
      "requires": {
        "base64-js": "0.0.2",
        "to-utf8": "0.0.1"
      },
      "dependencies": {
        "base64-js": {
          "version": "0.0.2",
          "resolved": "https://registry.npmjs.org/base64-js/-/base64-js-0.0.2.tgz",
          "integrity": "sha1-Ak8Pcq+iW3X5wO5zzU9V7Bvtl4Q="
        }
      }
    },
    "buffer": {
      "version": "5.2.0",
      "resolved": "https://registry.npmjs.org/buffer/-/buffer-5.2.0.tgz",
      "integrity": "sha512-nUJyfChH7PMJy75eRDCCKtszSEFokUNXC1hNVSe+o+VdcgvDPLs20k3v8UXI8ruRYAJiYtyRea8mYyqPxoHWDw==",
      "requires": {
        "base64-js": "^1.0.2",
        "ieee754": "^1.1.4"
      }
    },
    "clean-git-ref": {
      "version": "1.0.3",
      "resolved": "https://registry.npmjs.org/clean-git-ref/-/clean-git-ref-1.0.3.tgz",
      "integrity": "sha1-UyXcg56rAcl0rg6X9XNHgnUPiOw="
    },
    "core-js": {
      "version": "2.5.7",
      "resolved": "https://registry.npmjs.org/core-js/-/core-js-2.5.7.tgz",
      "integrity": "sha512-RszJCAxg/PP6uzXVXL6BsxSXx/B05oJAQ2vkJRjyjrEcNVycaqOmNb5OTxZPE3xa5gwZduqza6L9JOCenh/Ecw=="
    },
    "core-util-is": {
      "version": "1.0.2",
      "resolved": "https://registry.npmjs.org/core-util-is/-/core-util-is-1.0.2.tgz",
      "integrity": "sha1-tf1UIgqivFq1eqtxQMlAdUUDwac="
    },
    "crc": {
      "version": "3.8.0",
      "resolved": "https://registry.npmjs.org/crc/-/crc-3.8.0.tgz",
      "integrity": "sha512-iX3mfgcTMIq3ZKLIsVFAbv7+Mc10kxabAGQb8HvjA1o3T1PIYprbakQ65d3I+2HGHt6nSKkM9PYjgoJO2KcFBQ==",
      "requires": {
        "buffer": "^5.1.0"
      }
    },
    "debug": {
      "version": "3.1.0",
      "resolved": "https://registry.npmjs.org/debug/-/debug-3.1.0.tgz",
      "integrity": "sha512-OX8XqP7/1a9cqkxYw2yXss15f26NKWBpDXQd0/uK/KPqdQhxbPa994hnzjcE2VqQpDslf55723cKPUOGSmMY3g==",
      "requires": {
        "ms": "2.0.0"
      }
    },
    "decompress-response": {
      "version": "3.3.0",
      "resolved": "https://registry.npmjs.org/decompress-response/-/decompress-response-3.3.0.tgz",
      "integrity": "sha1-gKTdMjdIOEv6JICDYirt7Jgq3/M=",
      "requires": {
        "mimic-response": "^1.0.0"
      }
    },
    "diff": {
      "version": "2.2.3",
      "resolved": "https://registry.npmjs.org/diff/-/diff-2.2.3.tgz",
      "integrity": "sha1-YOr9DSjukG5Oj/ClLBIpUhAzv5k="
    },
    "diff-lines": {
      "version": "1.1.0",
      "resolved": "https://registry.npmjs.org/diff-lines/-/diff-lines-1.1.0.tgz",
      "integrity": "sha1-S72SVxPgJ0d7zUIIG2hEkUexlkg=",
      "requires": {
        "diff": "^2.2.3"
      }
    },
    "ejs": {
      "version": "2.6.1",
      "resolved": "https://registry.npmjs.org/ejs/-/ejs-2.6.1.tgz",
      "integrity": "sha512-0xy4A/twfrRCnkhfk8ErDi5DqdAsAqeGxht4xkCUrsvhhbQNs7E+4jV0CN7+NKIY0aHE72+XvqtBIXzD31ZbXQ=="
    },
    "git-apply-delta": {
      "version": "0.0.7",
      "resolved": "https://registry.npmjs.org/git-apply-delta/-/git-apply-delta-0.0.7.tgz",
      "integrity": "sha1-+3auFEVA15RAtSsx3gPmPJk8chk=",
      "requires": {
        "bops": "~0.0.6",
        "varint": "0.0.3"
      }
    },
    "ieee754": {
      "version": "1.1.12",
      "resolved": "https://registry.npmjs.org/ieee754/-/ieee754-1.1.12.tgz",
      "integrity": "sha512-GguP+DRY+pJ3soyIiGPTvdiVXjZ+DbXOxGpXn3eMvNW4x4irjqXm4wHKscC+TfxSJ0yw/S1F24tqdMNsMZTiLA=="
    },
    "ignore": {
      "version": "4.0.3",
      "resolved": "https://registry.npmjs.org/ignore/-/ignore-4.0.3.tgz",
      "integrity": "sha512-Z/vAH2GGIEATQnBVXMclE2IGV6i0GyVngKThcGZ5kHgHMxLo9Ow2+XHRq1aEKEej5vOF1TPJNbvX6J/anT0M7A=="
    },
    "inherits": {
      "version": "2.0.3",
      "resolved": "https://registry.npmjs.org/inherits/-/inherits-2.0.3.tgz",
      "integrity": "sha1-Yzwsg+PaQqUC9SRmAiSA9CCCYd4="
    },
    "isarray": {
      "version": "1.0.0",
      "resolved": "https://registry.npmjs.org/isarray/-/isarray-1.0.0.tgz",
      "integrity": "sha1-u5NdSFgsuhaMBoNJV6VKPgcSTxE="
    },
    "isomorphic-git": {
      "version": "0.24.4",
      "resolved": "https://registry.npmjs.org/isomorphic-git/-/isomorphic-git-0.24.4.tgz",
      "integrity": "sha512-SkONomSgOIFcZO0nE6ZgqN0wpCK4FwKgvXUJcFZuUxWgKTDXRtUB2rMFC4VpcTJntSPuRCmUsjSczhajnFjlfQ==",
      "requires": {
        "async-lock": "^1.1.0",
        "babel-runtime": "^6.26.0",
        "clean-git-ref": "1.0.3",
        "crc": "^3.5.0",
        "debug": "^3.1.0",
        "diff-lines": "^1.1.0",
        "git-apply-delta": "0.0.7",
        "ignore": "^4.0.0",
        "locale2": "^2.2.0",
        "marky": "^1.2.0",
        "minimisted": "^2.0.0",
        "nick": "^0.1.3",
        "pako": "^1.0.6",
        "pify": "^3.0.0",
        "sha.js": "^2.4.9",
        "simple-concat": "^1.0.0",
        "simple-get": "^3.0.2",
        "simplest-i18n": "^1.0.0",
        "split2": "^2.2.0",
        "stream-source": "^0.3.5",
        "through2": "^2.0.3"
      }
    },
    "locale2": {
      "version": "2.2.0",
      "resolved": "https://registry.npmjs.org/locale2/-/locale2-2.2.0.tgz",
      "integrity": "sha1-jv5wzjm1p5F/HvW0ad9/HB9cytQ="
    },
    "marky": {
      "version": "1.2.0",
      "resolved": "https://registry.npmjs.org/marky/-/marky-1.2.0.tgz",
      "integrity": "sha1-lhftZHu76o9F0ZUm2jPexwYG30I="
    },
    "mimic-response": {
      "version": "1.0.1",
      "resolved": "https://registry.npmjs.org/mimic-response/-/mimic-response-1.0.1.tgz",
      "integrity": "sha512-j5EctnkH7amfV/q5Hgmoal1g2QHFJRraOtmx0JpIqkxhBhI/lJSl1nMpQ45hVarwNETOoWEimndZ4QK0RHxuxQ=="
    },
    "minimist": {
      "version": "1.2.0",
      "resolved": "https://registry.npmjs.org/minimist/-/minimist-1.2.0.tgz",
      "integrity": "sha1-o1AIsg9BOD7sH7kU9M1d95omQoQ="
    },
    "minimisted": {
      "version": "2.0.0",
      "resolved": "https://registry.npmjs.org/minimisted/-/minimisted-2.0.0.tgz",
      "integrity": "sha512-oP88Dw3LK/pdrKyMdlbmg3W50969UNr4ctISzJfPl+YPYHTAOrS+dihXnsgRNKSRIzDsrnV3eE2CCVlZbpOKdQ==",
      "requires": {
        "minimist": "^1.2.0"
      }
    },
    "ms": {
      "version": "2.0.0",
      "resolved": "https://registry.npmjs.org/ms/-/ms-2.0.0.tgz",
      "integrity": "sha1-VgiurfwAvmwpAd9fmGF4jeDVl8g="
    },
    "nick": {
      "version": "0.1.3",
      "resolved": "https://registry.npmjs.org/nick/-/nick-0.1.3.tgz",
      "integrity": "sha1-2KMLfaeJ1BfguqVDfzPEh76bYCA=",
      "requires": {
        "benchmark": "^1.0.0"
      }
    },
    "once": {
      "version": "1.4.0",
      "resolved": "https://registry.npmjs.org/once/-/once-1.4.0.tgz",
      "integrity": "sha1-WDsap3WWHUsROsF9nFC6753Xa9E=",
      "requires": {
        "wrappy": "1"
      }
    },
    "pako": {
      "version": "1.0.6",
      "resolved": "https://registry.npmjs.org/pako/-/pako-1.0.6.tgz",
      "integrity": "sha512-lQe48YPsMJAig+yngZ87Lus+NF+3mtu7DVOBu6b/gHO1YpKwIj5AWjZ/TOS7i46HD/UixzWb1zeWDZfGZ3iYcg=="
    },
    "pify": {
      "version": "3.0.0",
      "resolved": "https://registry.npmjs.org/pify/-/pify-3.0.0.tgz",
      "integrity": "sha1-5aSs0sEB/fPZpNB/DbxNtJ3SgXY="
    },
    "process-nextick-args": {
      "version": "2.0.0",
      "resolved": "https://registry.npmjs.org/process-nextick-args/-/process-nextick-args-2.0.0.tgz",
      "integrity": "sha512-MtEC1TqN0EU5nephaJ4rAtThHtC86dNN9qCuEhtshvpVBkAW5ZO7BASN9REnF9eoXGcRub+pFuKEpOHE+HbEMw=="
    },
    "readable-stream": {
      "version": "2.3.6",
      "resolved": "https://registry.npmjs.org/readable-stream/-/readable-stream-2.3.6.tgz",
      "integrity": "sha512-tQtKA9WIAhBF3+VLAseyMqZeBjW0AHJoxOtYqSUZNJxauErmLbVm2FW1y+J/YA9dUrAC39ITejlZWhVIwawkKw==",
      "requires": {
        "core-util-is": "~1.0.0",
        "inherits": "~2.0.3",
        "isarray": "~1.0.0",
        "process-nextick-args": "~2.0.0",
        "safe-buffer": "~5.1.1",
        "string_decoder": "~1.1.1",
        "util-deprecate": "~1.0.1"
      }
    },
    "regenerator-runtime": {
      "version": "0.11.1",
      "resolved": "https://registry.npmjs.org/regenerator-runtime/-/regenerator-runtime-0.11.1.tgz",
      "integrity": "sha512-MguG95oij0fC3QV3URf4V2SDYGJhJnJGqvIIgdECeODCT98wSWDAJ94SSuVpYQUoTcGUIL6L4yNB7j1DFFHSBg=="
    },
    "safe-buffer": {
      "version": "5.1.2",
      "resolved": "https://registry.npmjs.org/safe-buffer/-/safe-buffer-5.1.2.tgz",
      "integrity": "sha512-Gd2UZBJDkXlY7GbJxfsE8/nvKkUEU1G38c1siN6QP6a9PT9MmHB8GnpscSmMJSoF8LOIrt8ud/wPtojys4G6+g=="
    },
    "sha.js": {
      "version": "2.4.11",
      "resolved": "https://registry.npmjs.org/sha.js/-/sha.js-2.4.11.tgz",
      "integrity": "sha512-QMEp5B7cftE7APOjk5Y6xgrbWu+WkLVQwk8JNjZ8nKRciZaByEW6MubieAiToS7+dwvrjGhH8jRXz3MVd0AYqQ==",
      "requires": {
        "inherits": "^2.0.1",
        "safe-buffer": "^5.0.1"
      }
    },
    "simple-concat": {
      "version": "1.0.0",
      "resolved": "https://registry.npmjs.org/simple-concat/-/simple-concat-1.0.0.tgz",
      "integrity": "sha1-c0TLuLbib7J9ZrL8hvn21Zl1IcY="
    },
    "simple-get": {
      "version": "3.0.2",
      "resolved": "https://registry.npmjs.org/simple-get/-/simple-get-3.0.2.tgz",
      "integrity": "sha512-dU3TBVIGkP5Hzw6o74hJx+VzTBTX2rqIiLfugs0HdmdVQCQp76XGg2jlBCqfRJfW/n6/mUKTi+s3rnzX7SgbBA==",
      "requires": {
        "decompress-response": "^3.3.0",
        "once": "^1.3.1",
        "simple-concat": "^1.0.0"
      }
    },
    "simplest-i18n": {
      "version": "1.0.0",
      "resolved": "https://registry.npmjs.org/simplest-i18n/-/simplest-i18n-1.0.0.tgz",
      "integrity": "sha1-HPBZqtn5Kq39JfoZ0kqKuqAsUGw="
    },
    "split2": {
      "version": "2.2.0",
      "resolved": "https://registry.npmjs.org/split2/-/split2-2.2.0.tgz",
      "integrity": "sha512-RAb22TG39LhI31MbreBgIuKiIKhVsawfTgEGqKHTK87aG+ul/PB8Sqoi3I7kVdRWiCfrKxK3uo4/YUkpNvhPbw==",
      "requires": {
        "through2": "^2.0.2"
      }
    },
    "stream-source": {
      "version": "0.3.5",
      "resolved": "https://registry.npmjs.org/stream-source/-/stream-source-0.3.5.tgz",
      "integrity": "sha512-ZuEDP9sgjiAwUVoDModftG0JtYiLUV8K4ljYD1VyUMRWtbVf92474o4kuuul43iZ8t/hRuiDAx1dIJSvirrK/g=="
    },
    "string_decoder": {
      "version": "1.1.1",
      "resolved": "https://registry.npmjs.org/string_decoder/-/string_decoder-1.1.1.tgz",
      "integrity": "sha512-n/ShnvDi6FHbbVfviro+WojiFzv+s8MPMHBczVePfUpDJLwoLT0ht1l4YwBCbi8pJAveEEdnkHyPyTP/mzRfwg==",
      "requires": {
        "safe-buffer": "~5.1.0"
      }
    },
    "through2": {
      "version": "2.0.3",
      "resolved": "https://registry.npmjs.org/through2/-/through2-2.0.3.tgz",
      "integrity": "sha1-AARWmzfHx0ujnEPzzteNGtlBQL4=",
      "requires": {
        "readable-stream": "^2.1.5",
        "xtend": "~4.0.1"
      }
    },
    "to-utf8": {
      "version": "0.0.1",
      "resolved": "https://registry.npmjs.org/to-utf8/-/to-utf8-0.0.1.tgz",
      "integrity": "sha1-0Xrqcv8vujm55DYBvns/9y4ImFI="
    },
    "util-deprecate": {
      "version": "1.0.2",
      "resolved": "https://registry.npmjs.org/util-deprecate/-/util-deprecate-1.0.2.tgz",
      "integrity": "sha1-RQ1Nyfpw3nMnYvvS1KKJgUGaDM8="
    },
    "varint": {
      "version": "0.0.3",
      "resolved": "https://registry.npmjs.org/varint/-/varint-0.0.3.tgz",
      "integrity": "sha1-uCHemwSzizzSL3LBjZSp+3KrNRg="
    },
    "wrappy": {
      "version": "1.0.2",
      "resolved": "https://registry.npmjs.org/wrappy/-/wrappy-1.0.2.tgz",
      "integrity": "sha1-tSQ9jz7BqjXxNkYFvA0QNuMKtp8="
    },
    "xtend": {
      "version": "4.0.1",
      "resolved": "https://registry.npmjs.org/xtend/-/xtend-4.0.1.tgz",
      "integrity": "sha1-pcbVMr5lbiPbgg77lDofBJmNY68="
    }
  }
}
